{
  "nodes": {
    "flake-parts": {
      "inputs": {
        "nixpkgs-lib": "nixpkgs-lib"
      },
      "locked": {
        "lastModified": 1698882062,
        "narHash": "sha256-HkhafUayIqxXyHH1X8d9RDl1M2CkFgZLjKD3MzabiEo=",
        "owner": "hercules-ci",
        "repo": "flake-parts",
        "rev": "8c9fa2545007b49a5db5f650ae91f227672c3877",
        "type": "github"
      },
      "original": {
        "owner": "hercules-ci",
        "repo": "flake-parts",
        "type": "github"
      }
    },
    "home-manager": {
      "inputs": {
        "nixpkgs": [
          "nixpkgs"
        ]
      },
      "locked": {
        "lastModified": 1707467182,
        "narHash": "sha256-/Bw/xgCXfj4nXDd8Xq+r1kaorfsYkkomMf5w5MpsDyA=",
        "owner": "nix-community",
        "repo": "home-manager",
        "rev": "5b9156fa9a8b8beba917b8f9adbfd27bf63e16af",
        "type": "github"
      },
      "original": {
        "owner": "nix-community",
        "repo": "home-manager",
        "type": "github"
      }
    },
    "nixpkgs": {
      "locked": {
        "lastModified": 1707451808,
        "narHash": "sha256-UwDBUNHNRsYKFJzyTMVMTF5qS4xeJlWoeyJf+6vvamU=",
        "owner": "nixos",
        "repo": "nixpkgs",
        "rev": "442d407992384ed9c0e6d352de75b69079904e4e",
        "type": "github"
      },
      "original": {
        "owner": "nixos",
        "ref": "nixpkgs-unstable",
        "repo": "nixpkgs",
        "type": "github"
      }
    },
    "nixpkgs-lib": {
      "locked": {
        "dir": "lib",
        "lastModified": 1698611440,
        "narHash": "sha256-jPjHjrerhYDy3q9+s5EAsuhyhuknNfowY6yt6pjn9pc=",
        "owner": "NixOS",
        "repo": "nixpkgs",
        "rev": "0cbe9f69c234a7700596e943bfae7ef27a31b735",
        "type": "github"
      },
      "original": {
        "dir": "lib",
        "owner": "NixOS",
        "ref": "nixos-unstable",
        "repo": "nixpkgs",
        "type": "github"
      }
    },
    "nixpkgs_2": {
      "locked": {
        "lastModified": 1701068326,
        "narHash": "sha256-vmMceA+q6hG1yrjb+MP8T0YFDQIrW3bl45e7z24IEts=",
        "owner": "nixos",
        "repo": "nixpkgs",
        "rev": "8cfef6986adfb599ba379ae53c9f5631ecd2fd9c",
        "type": "github"
      },
      "original": {
        "owner": "nixos",
        "ref": "nixos-unstable",
        "repo": "nixpkgs",
        "type": "github"
      }
    },
    "root": {
      "inputs": {
        "home-manager": "home-manager",
        "nixpkgs": "nixpkgs",
        "talhelper": "talhelper"
      }
    },
    "talhelper": {
      "inputs": {
        "flake-parts": "flake-parts",
        "nixpkgs": "nixpkgs_2"
      },
      "locked": {
        "lastModified": 1703307959,
        "narHash": "sha256-cBtbOMPP6uZMsoWZifDPZIudQDJgblQBkkMB9KCSDBI=",
        "owner": "budimanjojo",
        "repo": "talhelper",
        "rev": "6396cd7b1c55416356d3c7209ebe6989cad9375c",
        "type": "github"
      },
      "original": {
        "owner": "budimanjojo",
        "ref": "v1.16.4",
        "repo": "talhelper",
        "type": "github"
      }
    }
  },
  "root": "root",
  "version": 7
}
